
Microsoft Visual Studio Solution File, Format Version 12.00
# Visual Studio Version 16
VisualStudioVersion = 16.0.31613.86
MinimumVisualStudioVersion = 10.0.40219.1
Project("{FAE04EC0-301F-11D3-BF4B-00C04F79EFBC}") = "Ex0407", "Ex0407\Ex0407.csproj", "{FFADDC2F-9876-4884-BB14-DBBF42CC6889}"
EndProject
Global
	GlobalSection(SolutionConfigurationPlatforms) = preSolution
		Debug|Any CPU = Debug|Any CPU
		Release|Any CPU = Release|Any CPU
	EndGlobalSection
	GlobalSection(ProjectConfigurationPlatforms) = postSolution
		{FFADDC2F-9876-4884-BB14-DBBF42CC6889}.Debug|Any CPU.ActiveCfg = Debug|Any CPU
		{FFADDC2F-9876-4884-BB14-DBBF42CC6889}.Debug|Any CPU.Build.0 = Debug|Any CPU
		{FFADDC2F-9876-4884-BB14-DBBF42CC6889}.Release|Any CPU.ActiveCfg = Release|Any CPU
		{FFADDC2F-9876-4884-BB14-DBBF42CC6889}.Release|Any CPU.Build.0 = Release|Any CPU
	EndGlobalSection
	GlobalSection(SolutionProperties) = preSolution
		HideSolutionNode = FALSE
	EndGlobalSection
	GlobalSection(ExtensibilityGlobals) = postSolution
		SolutionGuid = {83033493-C39A-4287-BE14-F349AE5FCEDA}
	EndGlobalSection
EndGlobal
