
Microsoft Visual Studio Solution File, Format Version 12.00
# Visual Studio Version 16
VisualStudioVersion = 16.0.31613.86
MinimumVisualStudioVersion = 10.0.40219.1
Project("{FAE04EC0-301F-11D3-BF4B-00C04F79EFBC}") = "Ex0302", "Ex0302\Ex0302.csproj", "{2150763D-B021-4C82-8F65-B57276B0FA02}"
EndProject
Global
	GlobalSection(SolutionConfigurationPlatforms) = preSolution
		Debug|Any CPU = Debug|Any CPU
		Release|Any CPU = Release|Any CPU
	EndGlobalSection
	GlobalSection(ProjectConfigurationPlatforms) = postSolution
		{2150763D-B021-4C82-8F65-B57276B0FA02}.Debug|Any CPU.ActiveCfg = Debug|Any CPU
		{2150763D-B021-4C82-8F65-B57276B0FA02}.Debug|Any CPU.Build.0 = Debug|Any CPU
		{2150763D-B021-4C82-8F65-B57276B0FA02}.Release|Any CPU.ActiveCfg = Release|Any CPU
		{2150763D-B021-4C82-8F65-B57276B0FA02}.Release|Any CPU.Build.0 = Release|Any CPU
	EndGlobalSection
	GlobalSection(SolutionProperties) = preSolution
		HideSolutionNode = FALSE
	EndGlobalSection
	GlobalSection(ExtensibilityGlobals) = postSolution
		SolutionGuid = {265089F0-492B-4576-812C-75F7D6703A43}
	EndGlobalSection
EndGlobal
