
Microsoft Visual Studio Solution File, Format Version 12.00
# Visual Studio Version 16
VisualStudioVersion = 16.0.31613.86
MinimumVisualStudioVersion = 10.0.40219.1
Project("{FAE04EC0-301F-11D3-BF4B-00C04F79EFBC}") = "Ex0601", "Ex0601\Ex0601.csproj", "{8820EC50-B145-47D5-BCA2-81B6A80DB80E}"
EndProject
Global
	GlobalSection(SolutionConfigurationPlatforms) = preSolution
		Debug|Any CPU = Debug|Any CPU
		Release|Any CPU = Release|Any CPU
	EndGlobalSection
	GlobalSection(ProjectConfigurationPlatforms) = postSolution
		{8820EC50-B145-47D5-BCA2-81B6A80DB80E}.Debug|Any CPU.ActiveCfg = Debug|Any CPU
		{8820EC50-B145-47D5-BCA2-81B6A80DB80E}.Debug|Any CPU.Build.0 = Debug|Any CPU
		{8820EC50-B145-47D5-BCA2-81B6A80DB80E}.Release|Any CPU.ActiveCfg = Release|Any CPU
		{8820EC50-B145-47D5-BCA2-81B6A80DB80E}.Release|Any CPU.Build.0 = Release|Any CPU
	EndGlobalSection
	GlobalSection(SolutionProperties) = preSolution
		HideSolutionNode = FALSE
	EndGlobalSection
	GlobalSection(ExtensibilityGlobals) = postSolution
		SolutionGuid = {86A5E6A5-CC13-4E82-9100-B95097671E4F}
	EndGlobalSection
EndGlobal
