
Microsoft Visual Studio Solution File, Format Version 12.00
# Visual Studio Version 16
VisualStudioVersion = 16.0.31613.86
MinimumVisualStudioVersion = 10.0.40219.1
Project("{FAE04EC0-301F-11D3-BF4B-00C04F79EFBC}") = "Ex0309", "Ex0309\Ex0309.csproj", "{EDC63F08-0344-4873-ACC9-54614BA96177}"
EndProject
Global
	GlobalSection(SolutionConfigurationPlatforms) = preSolution
		Debug|Any CPU = Debug|Any CPU
		Release|Any CPU = Release|Any CPU
	EndGlobalSection
	GlobalSection(ProjectConfigurationPlatforms) = postSolution
		{EDC63F08-0344-4873-ACC9-54614BA96177}.Debug|Any CPU.ActiveCfg = Debug|Any CPU
		{EDC63F08-0344-4873-ACC9-54614BA96177}.Debug|Any CPU.Build.0 = Debug|Any CPU
		{EDC63F08-0344-4873-ACC9-54614BA96177}.Release|Any CPU.ActiveCfg = Release|Any CPU
		{EDC63F08-0344-4873-ACC9-54614BA96177}.Release|Any CPU.Build.0 = Release|Any CPU
	EndGlobalSection
	GlobalSection(SolutionProperties) = preSolution
		HideSolutionNode = FALSE
	EndGlobalSection
	GlobalSection(ExtensibilityGlobals) = postSolution
		SolutionGuid = {00F16E8B-1EDA-4040-9AFE-AA949D599F25}
	EndGlobalSection
EndGlobal
