
Microsoft Visual Studio Solution File, Format Version 12.00
# Visual Studio Version 16
VisualStudioVersion = 16.0.31613.86
MinimumVisualStudioVersion = 10.0.40219.1
Project("{FAE04EC0-301F-11D3-BF4B-00C04F79EFBC}") = "Ex0412", "Ex0412\Ex0412.csproj", "{03A506DA-5A54-433D-8421-A32A051935DF}"
EndProject
Global
	GlobalSection(SolutionConfigurationPlatforms) = preSolution
		Debug|Any CPU = Debug|Any CPU
		Release|Any CPU = Release|Any CPU
	EndGlobalSection
	GlobalSection(ProjectConfigurationPlatforms) = postSolution
		{03A506DA-5A54-433D-8421-A32A051935DF}.Debug|Any CPU.ActiveCfg = Debug|Any CPU
		{03A506DA-5A54-433D-8421-A32A051935DF}.Debug|Any CPU.Build.0 = Debug|Any CPU
		{03A506DA-5A54-433D-8421-A32A051935DF}.Release|Any CPU.ActiveCfg = Release|Any CPU
		{03A506DA-5A54-433D-8421-A32A051935DF}.Release|Any CPU.Build.0 = Release|Any CPU
	EndGlobalSection
	GlobalSection(SolutionProperties) = preSolution
		HideSolutionNode = FALSE
	EndGlobalSection
	GlobalSection(ExtensibilityGlobals) = postSolution
		SolutionGuid = {A4051F85-09CF-4FB7-BA63-81ABCA099800}
	EndGlobalSection
EndGlobal
