
Microsoft Visual Studio Solution File, Format Version 12.00
# Visual Studio Version 16
VisualStudioVersion = 16.0.31613.86
MinimumVisualStudioVersion = 10.0.40219.1
Project("{FAE04EC0-301F-11D3-BF4B-00C04F79EFBC}") = "Ex0204", "Ex0204\Ex0204.csproj", "{2AB06472-22CE-4A0D-98E7-580BDDEAA0E6}"
EndProject
Global
	GlobalSection(SolutionConfigurationPlatforms) = preSolution
		Debug|Any CPU = Debug|Any CPU
		Release|Any CPU = Release|Any CPU
	EndGlobalSection
	GlobalSection(ProjectConfigurationPlatforms) = postSolution
		{2AB06472-22CE-4A0D-98E7-580BDDEAA0E6}.Debug|Any CPU.ActiveCfg = Debug|Any CPU
		{2AB06472-22CE-4A0D-98E7-580BDDEAA0E6}.Debug|Any CPU.Build.0 = Debug|Any CPU
		{2AB06472-22CE-4A0D-98E7-580BDDEAA0E6}.Release|Any CPU.ActiveCfg = Release|Any CPU
		{2AB06472-22CE-4A0D-98E7-580BDDEAA0E6}.Release|Any CPU.Build.0 = Release|Any CPU
	EndGlobalSection
	GlobalSection(SolutionProperties) = preSolution
		HideSolutionNode = FALSE
	EndGlobalSection
	GlobalSection(ExtensibilityGlobals) = postSolution
		SolutionGuid = {BCF9C3D2-C568-4639-9F82-F1D32A8DE14D}
	EndGlobalSection
EndGlobal
