
Microsoft Visual Studio Solution File, Format Version 12.00
# Visual Studio Version 16
VisualStudioVersion = 16.0.31613.86
MinimumVisualStudioVersion = 10.0.40219.1
Project("{FAE04EC0-301F-11D3-BF4B-00C04F79EFBC}") = "Ex0504", "Ex0504\Ex0504.csproj", "{FBF5C5FC-AF13-484B-90E4-CE0B76FEFD58}"
EndProject
Global
	GlobalSection(SolutionConfigurationPlatforms) = preSolution
		Debug|Any CPU = Debug|Any CPU
		Release|Any CPU = Release|Any CPU
	EndGlobalSection
	GlobalSection(ProjectConfigurationPlatforms) = postSolution
		{FBF5C5FC-AF13-484B-90E4-CE0B76FEFD58}.Debug|Any CPU.ActiveCfg = Debug|Any CPU
		{FBF5C5FC-AF13-484B-90E4-CE0B76FEFD58}.Debug|Any CPU.Build.0 = Debug|Any CPU
		{FBF5C5FC-AF13-484B-90E4-CE0B76FEFD58}.Release|Any CPU.ActiveCfg = Release|Any CPU
		{FBF5C5FC-AF13-484B-90E4-CE0B76FEFD58}.Release|Any CPU.Build.0 = Release|Any CPU
	EndGlobalSection
	GlobalSection(SolutionProperties) = preSolution
		HideSolutionNode = FALSE
	EndGlobalSection
	GlobalSection(ExtensibilityGlobals) = postSolution
		SolutionGuid = {4C5605DC-E82A-4CD1-973B-3B6124E6B493}
	EndGlobalSection
EndGlobal
