
Microsoft Visual Studio Solution File, Format Version 12.00
# Visual Studio Version 16
VisualStudioVersion = 16.0.31613.86
MinimumVisualStudioVersion = 10.0.40219.1
Project("{FAE04EC0-301F-11D3-BF4B-00C04F79EFBC}") = "Ex0510", "Ex0510\Ex0510.csproj", "{C93CFDDB-6960-4361-8570-863192E11B00}"
EndProject
Global
	GlobalSection(SolutionConfigurationPlatforms) = preSolution
		Debug|Any CPU = Debug|Any CPU
		Release|Any CPU = Release|Any CPU
	EndGlobalSection
	GlobalSection(ProjectConfigurationPlatforms) = postSolution
		{C93CFDDB-6960-4361-8570-863192E11B00}.Debug|Any CPU.ActiveCfg = Debug|Any CPU
		{C93CFDDB-6960-4361-8570-863192E11B00}.Debug|Any CPU.Build.0 = Debug|Any CPU
		{C93CFDDB-6960-4361-8570-863192E11B00}.Release|Any CPU.ActiveCfg = Release|Any CPU
		{C93CFDDB-6960-4361-8570-863192E11B00}.Release|Any CPU.Build.0 = Release|Any CPU
	EndGlobalSection
	GlobalSection(SolutionProperties) = preSolution
		HideSolutionNode = FALSE
	EndGlobalSection
	GlobalSection(ExtensibilityGlobals) = postSolution
		SolutionGuid = {5CD9AAA0-FA9F-4CFE-92B9-16A30A388DAA}
	EndGlobalSection
EndGlobal
