
Microsoft Visual Studio Solution File, Format Version 12.00
# Visual Studio Version 16
VisualStudioVersion = 16.0.31613.86
MinimumVisualStudioVersion = 10.0.40219.1
Project("{FAE04EC0-301F-11D3-BF4B-00C04F79EFBC}") = "Ex0307", "Ex0307\Ex0307.csproj", "{00EE9748-601C-4D7E-8751-00DE63ED885E}"
EndProject
Global
	GlobalSection(SolutionConfigurationPlatforms) = preSolution
		Debug|Any CPU = Debug|Any CPU
		Release|Any CPU = Release|Any CPU
	EndGlobalSection
	GlobalSection(ProjectConfigurationPlatforms) = postSolution
		{00EE9748-601C-4D7E-8751-00DE63ED885E}.Debug|Any CPU.ActiveCfg = Debug|Any CPU
		{00EE9748-601C-4D7E-8751-00DE63ED885E}.Debug|Any CPU.Build.0 = Debug|Any CPU
		{00EE9748-601C-4D7E-8751-00DE63ED885E}.Release|Any CPU.ActiveCfg = Release|Any CPU
		{00EE9748-601C-4D7E-8751-00DE63ED885E}.Release|Any CPU.Build.0 = Release|Any CPU
	EndGlobalSection
	GlobalSection(SolutionProperties) = preSolution
		HideSolutionNode = FALSE
	EndGlobalSection
	GlobalSection(ExtensibilityGlobals) = postSolution
		SolutionGuid = {0F7C0FB9-E0C4-4858-8BDF-6F539CDA3162}
	EndGlobalSection
EndGlobal
