
Microsoft Visual Studio Solution File, Format Version 12.00
# Visual Studio Version 16
VisualStudioVersion = 16.0.31613.86
MinimumVisualStudioVersion = 10.0.40219.1
Project("{FAE04EC0-301F-11D3-BF4B-00C04F79EFBC}") = "Ex0301", "Ex0301\Ex0301.csproj", "{F6294718-B49C-486F-B49E-6CBA57A84211}"
EndProject
Global
	GlobalSection(SolutionConfigurationPlatforms) = preSolution
		Debug|Any CPU = Debug|Any CPU
		Release|Any CPU = Release|Any CPU
	EndGlobalSection
	GlobalSection(ProjectConfigurationPlatforms) = postSolution
		{F6294718-B49C-486F-B49E-6CBA57A84211}.Debug|Any CPU.ActiveCfg = Debug|Any CPU
		{F6294718-B49C-486F-B49E-6CBA57A84211}.Debug|Any CPU.Build.0 = Debug|Any CPU
		{F6294718-B49C-486F-B49E-6CBA57A84211}.Release|Any CPU.ActiveCfg = Release|Any CPU
		{F6294718-B49C-486F-B49E-6CBA57A84211}.Release|Any CPU.Build.0 = Release|Any CPU
	EndGlobalSection
	GlobalSection(SolutionProperties) = preSolution
		HideSolutionNode = FALSE
	EndGlobalSection
	GlobalSection(ExtensibilityGlobals) = postSolution
		SolutionGuid = {A5F79E78-E3C4-45FE-8B7D-040130846569}
	EndGlobalSection
EndGlobal
