
Microsoft Visual Studio Solution File, Format Version 12.00
# Visual Studio Version 16
VisualStudioVersion = 16.0.31613.86
MinimumVisualStudioVersion = 10.0.40219.1
Project("{FAE04EC0-301F-11D3-BF4B-00C04F79EFBC}") = "Ex0508", "Ex0508\Ex0508.csproj", "{33B48C3B-A21A-4A5D-A298-91CF85DD03AB}"
EndProject
Global
	GlobalSection(SolutionConfigurationPlatforms) = preSolution
		Debug|Any CPU = Debug|Any CPU
		Release|Any CPU = Release|Any CPU
	EndGlobalSection
	GlobalSection(ProjectConfigurationPlatforms) = postSolution
		{33B48C3B-A21A-4A5D-A298-91CF85DD03AB}.Debug|Any CPU.ActiveCfg = Debug|Any CPU
		{33B48C3B-A21A-4A5D-A298-91CF85DD03AB}.Debug|Any CPU.Build.0 = Debug|Any CPU
		{33B48C3B-A21A-4A5D-A298-91CF85DD03AB}.Release|Any CPU.ActiveCfg = Release|Any CPU
		{33B48C3B-A21A-4A5D-A298-91CF85DD03AB}.Release|Any CPU.Build.0 = Release|Any CPU
	EndGlobalSection
	GlobalSection(SolutionProperties) = preSolution
		HideSolutionNode = FALSE
	EndGlobalSection
	GlobalSection(ExtensibilityGlobals) = postSolution
		SolutionGuid = {21BF6E54-52B9-4F4A-A637-88E4EB1A3786}
	EndGlobalSection
EndGlobal
