
Microsoft Visual Studio Solution File, Format Version 12.00
# Visual Studio Version 16
VisualStudioVersion = 16.0.31613.86
MinimumVisualStudioVersion = 10.0.40219.1
Project("{FAE04EC0-301F-11D3-BF4B-00C04F79EFBC}") = "Ex0315", "Ex0315\Ex0315.csproj", "{72A502EA-2BFE-4FD7-81FD-1A39A2418611}"
EndProject
Global
	GlobalSection(SolutionConfigurationPlatforms) = preSolution
		Debug|Any CPU = Debug|Any CPU
		Release|Any CPU = Release|Any CPU
	EndGlobalSection
	GlobalSection(ProjectConfigurationPlatforms) = postSolution
		{72A502EA-2BFE-4FD7-81FD-1A39A2418611}.Debug|Any CPU.ActiveCfg = Debug|Any CPU
		{72A502EA-2BFE-4FD7-81FD-1A39A2418611}.Debug|Any CPU.Build.0 = Debug|Any CPU
		{72A502EA-2BFE-4FD7-81FD-1A39A2418611}.Release|Any CPU.ActiveCfg = Release|Any CPU
		{72A502EA-2BFE-4FD7-81FD-1A39A2418611}.Release|Any CPU.Build.0 = Release|Any CPU
	EndGlobalSection
	GlobalSection(SolutionProperties) = preSolution
		HideSolutionNode = FALSE
	EndGlobalSection
	GlobalSection(ExtensibilityGlobals) = postSolution
		SolutionGuid = {0FACBC3A-C952-4041-87E6-4BC8849426DC}
	EndGlobalSection
EndGlobal
