
Microsoft Visual Studio Solution File, Format Version 12.00
# Visual Studio Version 16
VisualStudioVersion = 16.0.31613.86
MinimumVisualStudioVersion = 10.0.40219.1
Project("{FAE04EC0-301F-11D3-BF4B-00C04F79EFBC}") = "Ex0304", "Ex0304\Ex0304.csproj", "{DCCE67B4-E6F8-4024-B548-F0F4D5B3A245}"
EndProject
Global
	GlobalSection(SolutionConfigurationPlatforms) = preSolution
		Debug|Any CPU = Debug|Any CPU
		Release|Any CPU = Release|Any CPU
	EndGlobalSection
	GlobalSection(ProjectConfigurationPlatforms) = postSolution
		{DCCE67B4-E6F8-4024-B548-F0F4D5B3A245}.Debug|Any CPU.ActiveCfg = Debug|Any CPU
		{DCCE67B4-E6F8-4024-B548-F0F4D5B3A245}.Debug|Any CPU.Build.0 = Debug|Any CPU
		{DCCE67B4-E6F8-4024-B548-F0F4D5B3A245}.Release|Any CPU.ActiveCfg = Release|Any CPU
		{DCCE67B4-E6F8-4024-B548-F0F4D5B3A245}.Release|Any CPU.Build.0 = Release|Any CPU
	EndGlobalSection
	GlobalSection(SolutionProperties) = preSolution
		HideSolutionNode = FALSE
	EndGlobalSection
	GlobalSection(ExtensibilityGlobals) = postSolution
		SolutionGuid = {74AADC11-BCEF-4BFE-BEFA-5430B92E3C1A}
	EndGlobalSection
EndGlobal
