
Microsoft Visual Studio Solution File, Format Version 12.00
# Visual Studio Version 16
VisualStudioVersion = 16.0.31613.86
MinimumVisualStudioVersion = 10.0.40219.1
Project("{FAE04EC0-301F-11D3-BF4B-00C04F79EFBC}") = "Ex0505", "Ex0505\Ex0505.csproj", "{7C484450-902A-40EB-9416-D56B60833640}"
EndProject
Global
	GlobalSection(SolutionConfigurationPlatforms) = preSolution
		Debug|Any CPU = Debug|Any CPU
		Release|Any CPU = Release|Any CPU
	EndGlobalSection
	GlobalSection(ProjectConfigurationPlatforms) = postSolution
		{7C484450-902A-40EB-9416-D56B60833640}.Debug|Any CPU.ActiveCfg = Debug|Any CPU
		{7C484450-902A-40EB-9416-D56B60833640}.Debug|Any CPU.Build.0 = Debug|Any CPU
		{7C484450-902A-40EB-9416-D56B60833640}.Release|Any CPU.ActiveCfg = Release|Any CPU
		{7C484450-902A-40EB-9416-D56B60833640}.Release|Any CPU.Build.0 = Release|Any CPU
	EndGlobalSection
	GlobalSection(SolutionProperties) = preSolution
		HideSolutionNode = FALSE
	EndGlobalSection
	GlobalSection(ExtensibilityGlobals) = postSolution
		SolutionGuid = {140B968E-6A85-454F-BE0C-5975C269A2C9}
	EndGlobalSection
EndGlobal
