
Microsoft Visual Studio Solution File, Format Version 12.00
# Visual Studio Version 16
VisualStudioVersion = 16.0.31613.86
MinimumVisualStudioVersion = 10.0.40219.1
Project("{FAE04EC0-301F-11D3-BF4B-00C04F79EFBC}") = "Ex0512", "Ex0512\Ex0512.csproj", "{34D8C122-8A4F-431B-98B5-2D5EFE07B82E}"
EndProject
Global
	GlobalSection(SolutionConfigurationPlatforms) = preSolution
		Debug|Any CPU = Debug|Any CPU
		Release|Any CPU = Release|Any CPU
	EndGlobalSection
	GlobalSection(ProjectConfigurationPlatforms) = postSolution
		{34D8C122-8A4F-431B-98B5-2D5EFE07B82E}.Debug|Any CPU.ActiveCfg = Debug|Any CPU
		{34D8C122-8A4F-431B-98B5-2D5EFE07B82E}.Debug|Any CPU.Build.0 = Debug|Any CPU
		{34D8C122-8A4F-431B-98B5-2D5EFE07B82E}.Release|Any CPU.ActiveCfg = Release|Any CPU
		{34D8C122-8A4F-431B-98B5-2D5EFE07B82E}.Release|Any CPU.Build.0 = Release|Any CPU
	EndGlobalSection
	GlobalSection(SolutionProperties) = preSolution
		HideSolutionNode = FALSE
	EndGlobalSection
	GlobalSection(ExtensibilityGlobals) = postSolution
		SolutionGuid = {26190097-7A1A-474A-99E4-3C81F8AFFCA1}
	EndGlobalSection
EndGlobal
